
Microsoft Visual Studio Solution File, Format Version 12.00
# Visual Studio Version 16
VisualStudioVersion = 16.0.31410.357
MinimumVisualStudioVersion = 10.0.40219.1
Project("{2150E333-8FDC-42A3-9474-1A3956D46DE8}") = "Services", "Services", "{397890E7-BDAC-4CD3-B34A-EBB6D9632E19}"
EndProject
Project("{2150E333-8FDC-42A3-9474-1A3956D46DE8}") = "Catalog", "Catalog", "{5B818740-CD84-4033-86AF-5AB75FC793ED}"
EndProject
Project("{9A19103F-16F7-4668-BE54-9A1E7A4F7556}") = "FreeCourse.Services.Catalog", "Services\Catalog\FreeCourse.Services.Catalog\FreeCourse.Services.Catalog.csproj", "{4E5E89CC-48F4-43CF-990A-2BBA2F80BB1E}"
EndProject
Project("{2150E333-8FDC-42A3-9474-1A3956D46DE8}") = "Solution Items", "Solution Items", "{7DEE875F-DDA2-4DAA-88EB-AC684D3898A9}"
	ProjectSection(SolutionItems) = preProject
		Ports.txt = Ports.txt
	EndProjectSection
EndProject
Project("{2150E333-8FDC-42A3-9474-1A3956D46DE8}") = "Shared", "Shared", "{1CE18178-0ECA-41A3-81C1-3AC5A5A7C353}"
EndProject
Project("{9A19103F-16F7-4668-BE54-9A1E7A4F7556}") = "FreeCourse.Shared", "Shared\FreeCourse.Shared\FreeCourse.Shared.csproj", "{9728C5C0-09F5-4003-B416-3329E38E84D0}"
EndProject
Project("{2150E333-8FDC-42A3-9474-1A3956D46DE8}") = "IdentityServer", "IdentityServer", "{BF2DD239-7D52-47ED-A304-98353D16A957}"
EndProject
Project("{9A19103F-16F7-4668-BE54-9A1E7A4F7556}") = "FreeCourse.IdentityServer", "IdentityServer\FreeCourse.IdentityServer\FreeCourse.IdentityServer.csproj", "{6582FAA2-012A-4847-BE67-418427832D0A}"
EndProject
Project("{2150E333-8FDC-42A3-9474-1A3956D46DE8}") = "PhotoStock", "PhotoStock", "{9C0ED0F4-9FDA-45C6-A817-F656D15EFCAD}"
EndProject
Project("{9A19103F-16F7-4668-BE54-9A1E7A4F7556}") = "FreeCourse.Services.PhotoStock", "Services\PhotoStock\FreeCourse.Services.PhotoStock\FreeCourse.Services.PhotoStock.csproj", "{75677B43-23D5-4032-8337-1B079C74D2C3}"
EndProject
Project("{2150E333-8FDC-42A3-9474-1A3956D46DE8}") = "Basket", "Basket", "{53AC8FF7-58ED-435F-94EF-CA40F5A4BB29}"
EndProject
Project("{9A19103F-16F7-4668-BE54-9A1E7A4F7556}") = "FreeCourse.Services.Basket", "Services\Basket\FreeCourse.Services.Basket\FreeCourse.Services.Basket.csproj", "{D12577F2-41B6-4B86-A3AE-25A657B76F35}"
EndProject
Project("{2150E333-8FDC-42A3-9474-1A3956D46DE8}") = "Discount", "Discount", "{9B507495-0EE8-4B2A-8E95-E8271678B3C7}"
EndProject
Project("{9A19103F-16F7-4668-BE54-9A1E7A4F7556}") = "FreeCourse.Services.Discount", "Services\Discount\FreeCourse.Services.Discount\FreeCourse.Services.Discount.csproj", "{46647576-D165-4529-A2D6-D1888B05CBA6}"
EndProject
Project("{2150E333-8FDC-42A3-9474-1A3956D46DE8}") = "Order", "Order", "{5C62091A-1A6A-4DA0-97C7-F40111E23414}"
EndProject
Project("{9A19103F-16F7-4668-BE54-9A1E7A4F7556}") = "FreeCourse.Services.Order.API", "Services\Order\FreeCourse.Services.Order.API\FreeCourse.Services.Order.API.csproj", "{1B315632-9573-43D2-B4AD-0C3941D634DB}"
EndProject
Project("{9A19103F-16F7-4668-BE54-9A1E7A4F7556}") = "FreeCourse.Services.Order.Application", "Services\Order\FreeCourse.Services.Order.Application\FreeCourse.Services.Order.Application.csproj", "{EFA4B1B7-59C3-4DAF-9136-B3EB449F1174}"
EndProject
Project("{9A19103F-16F7-4668-BE54-9A1E7A4F7556}") = "FreeCourse.Services.Order.Domain", "Services\Order\FreeCourse.Services.Order.Domain\FreeCourse.Services.Order.Domain.csproj", "{9474D1CF-1A73-4FD0-914B-6454E20C82E5}"
EndProject
Project("{9A19103F-16F7-4668-BE54-9A1E7A4F7556}") = "FreeCourse.Services.Order.Domain.Core", "Services\Order\FreeCourse.Services.Order.Domain.Core\FreeCourse.Services.Order.Domain.Core.csproj", "{58AAC43A-6C8E-43B9-A93A-AF71C6DF956D}"
EndProject
Project("{9A19103F-16F7-4668-BE54-9A1E7A4F7556}") = "FreeCourse.Services.Order.Infrastructure", "Services\Order\FreeCourse.Services.Order.Infrastructure\FreeCourse.Services.Order.Infrastructure.csproj", "{3FBD6ADC-6456-41FE-A040-BAABBC6A94D0}"
EndProject
Project("{2150E333-8FDC-42A3-9474-1A3956D46DE8}") = "FakePayment", "FakePayment", "{D465839B-40ED-4B75-B2DA-6D7EEB781EF5}"
EndProject
Project("{9A19103F-16F7-4668-BE54-9A1E7A4F7556}") = "FreeCourse.Services.FakePayment", "Services\FakePayment\FreeCourse.Services.FakePayment\FreeCourse.Services.FakePayment.csproj", "{23170F65-ED23-4C9A-87F0-456F399710C8}"
EndProject
Project("{2150E333-8FDC-42A3-9474-1A3956D46DE8}") = "Gateways", "Gateways", "{18A30E36-9789-495B-BF7C-7391302ECEAD}"
EndProject
Project("{9A19103F-16F7-4668-BE54-9A1E7A4F7556}") = "FreeCourse.Gateway", "Gateways\FreeCourse.Gateway\FreeCourse.Gateway.csproj", "{51D1F4AF-716F-4E1B-B56C-E10574584873}"
EndProject
Project("{2150E333-8FDC-42A3-9474-1A3956D46DE8}") = "Frontends", "Frontends", "{E73F81C5-9E41-497F-8C9A-78C7058B8BB0}"
EndProject
Project("{9A19103F-16F7-4668-BE54-9A1E7A4F7556}") = "FreeCourse.Web", "Frontends\FreeCourse.Web\FreeCourse.Web.csproj", "{2D21253D-3FFB-4E73-98CF-5194E571B3D2}"
EndProject
Project("{E53339B2-1760-4266-BCC7-CA923CBCF16C}") = "docker-compose", "docker-compose.dcproj", "{A159CCFA-8AE1-40C0-AE2C-CC74F751E0C6}"
EndProject
Global
	GlobalSection(SolutionConfigurationPlatforms) = preSolution
		Debug|Any CPU = Debug|Any CPU
		Release|Any CPU = Release|Any CPU
	EndGlobalSection
	GlobalSection(ProjectConfigurationPlatforms) = postSolution
		{4E5E89CC-48F4-43CF-990A-2BBA2F80BB1E}.Debug|Any CPU.ActiveCfg = Debug|Any CPU
		{4E5E89CC-48F4-43CF-990A-2BBA2F80BB1E}.Debug|Any CPU.Build.0 = Debug|Any CPU
		{4E5E89CC-48F4-43CF-990A-2BBA2F80BB1E}.Release|Any CPU.ActiveCfg = Release|Any CPU
		{4E5E89CC-48F4-43CF-990A-2BBA2F80BB1E}.Release|Any CPU.Build.0 = Release|Any CPU
		{9728C5C0-09F5-4003-B416-3329E38E84D0}.Debug|Any CPU.ActiveCfg = Debug|Any CPU
		{9728C5C0-09F5-4003-B416-3329E38E84D0}.Debug|Any CPU.Build.0 = Debug|Any CPU
		{9728C5C0-09F5-4003-B416-3329E38E84D0}.Release|Any CPU.ActiveCfg = Release|Any CPU
		{9728C5C0-09F5-4003-B416-3329E38E84D0}.Release|Any CPU.Build.0 = Release|Any CPU
		{6582FAA2-012A-4847-BE67-418427832D0A}.Debug|Any CPU.ActiveCfg = Debug|Any CPU
		{6582FAA2-012A-4847-BE67-418427832D0A}.Debug|Any CPU.Build.0 = Debug|Any CPU
		{6582FAA2-012A-4847-BE67-418427832D0A}.Release|Any CPU.ActiveCfg = Release|Any CPU
		{6582FAA2-012A-4847-BE67-418427832D0A}.Release|Any CPU.Build.0 = Release|Any CPU
		{75677B43-23D5-4032-8337-1B079C74D2C3}.Debug|Any CPU.ActiveCfg = Debug|Any CPU
		{75677B43-23D5-4032-8337-1B079C74D2C3}.Debug|Any CPU.Build.0 = Debug|Any CPU
		{75677B43-23D5-4032-8337-1B079C74D2C3}.Release|Any CPU.ActiveCfg = Release|Any CPU
		{75677B43-23D5-4032-8337-1B079C74D2C3}.Release|Any CPU.Build.0 = Release|Any CPU
		{D12577F2-41B6-4B86-A3AE-25A657B76F35}.Debug|Any CPU.ActiveCfg = Debug|Any CPU
		{D12577F2-41B6-4B86-A3AE-25A657B76F35}.Debug|Any CPU.Build.0 = Debug|Any CPU
		{D12577F2-41B6-4B86-A3AE-25A657B76F35}.Release|Any CPU.ActiveCfg = Release|Any CPU
		{D12577F2-41B6-4B86-A3AE-25A657B76F35}.Release|Any CPU.Build.0 = Release|Any CPU
		{46647576-D165-4529-A2D6-D1888B05CBA6}.Debug|Any CPU.ActiveCfg = Debug|Any CPU
		{46647576-D165-4529-A2D6-D1888B05CBA6}.Debug|Any CPU.Build.0 = Debug|Any CPU
		{46647576-D165-4529-A2D6-D1888B05CBA6}.Release|Any CPU.ActiveCfg = Release|Any CPU
		{46647576-D165-4529-A2D6-D1888B05CBA6}.Release|Any CPU.Build.0 = Release|Any CPU
		{1B315632-9573-43D2-B4AD-0C3941D634DB}.Debug|Any CPU.ActiveCfg = Debug|Any CPU
		{1B315632-9573-43D2-B4AD-0C3941D634DB}.Debug|Any CPU.Build.0 = Debug|Any CPU
		{1B315632-9573-43D2-B4AD-0C3941D634DB}.Release|Any CPU.ActiveCfg = Release|Any CPU
		{1B315632-9573-43D2-B4AD-0C3941D634DB}.Release|Any CPU.Build.0 = Release|Any CPU
		{EFA4B1B7-59C3-4DAF-9136-B3EB449F1174}.Debug|Any CPU.ActiveCfg = Debug|Any CPU
		{EFA4B1B7-59C3-4DAF-9136-B3EB449F1174}.Debug|Any CPU.Build.0 = Debug|Any CPU
		{EFA4B1B7-59C3-4DAF-9136-B3EB449F1174}.Release|Any CPU.ActiveCfg = Release|Any CPU
		{EFA4B1B7-59C3-4DAF-9136-B3EB449F1174}.Release|Any CPU.Build.0 = Release|Any CPU
		{9474D1CF-1A73-4FD0-914B-6454E20C82E5}.Debug|Any CPU.ActiveCfg = Debug|Any CPU
		{9474D1CF-1A73-4FD0-914B-6454E20C82E5}.Debug|Any CPU.Build.0 = Debug|Any CPU
		{9474D1CF-1A73-4FD0-914B-6454E20C82E5}.Release|Any CPU.ActiveCfg = Release|Any CPU
		{9474D1CF-1A73-4FD0-914B-6454E20C82E5}.Release|Any CPU.Build.0 = Release|Any CPU
		{58AAC43A-6C8E-43B9-A93A-AF71C6DF956D}.Debug|Any CPU.ActiveCfg = Debug|Any CPU
		{58AAC43A-6C8E-43B9-A93A-AF71C6DF956D}.Debug|Any CPU.Build.0 = Debug|Any CPU
		{58AAC43A-6C8E-43B9-A93A-AF71C6DF956D}.Release|Any CPU.ActiveCfg = Release|Any CPU
		{58AAC43A-6C8E-43B9-A93A-AF71C6DF956D}.Release|Any CPU.Build.0 = Release|Any CPU
		{3FBD6ADC-6456-41FE-A040-BAABBC6A94D0}.Debug|Any CPU.ActiveCfg = Debug|Any CPU
		{3FBD6ADC-6456-41FE-A040-BAABBC6A94D0}.Debug|Any CPU.Build.0 = Debug|Any CPU
		{3FBD6ADC-6456-41FE-A040-BAABBC6A94D0}.Release|Any CPU.ActiveCfg = Release|Any CPU
		{3FBD6ADC-6456-41FE-A040-BAABBC6A94D0}.Release|Any CPU.Build.0 = Release|Any CPU
		{23170F65-ED23-4C9A-87F0-456F399710C8}.Debug|Any CPU.ActiveCfg = Debug|Any CPU
		{23170F65-ED23-4C9A-87F0-456F399710C8}.Debug|Any CPU.Build.0 = Debug|Any CPU
		{23170F65-ED23-4C9A-87F0-456F399710C8}.Release|Any CPU.ActiveCfg = Release|Any CPU
		{23170F65-ED23-4C9A-87F0-456F399710C8}.Release|Any CPU.Build.0 = Release|Any CPU
		{51D1F4AF-716F-4E1B-B56C-E10574584873}.Debug|Any CPU.ActiveCfg = Debug|Any CPU
		{51D1F4AF-716F-4E1B-B56C-E10574584873}.Debug|Any CPU.Build.0 = Debug|Any CPU
		{51D1F4AF-716F-4E1B-B56C-E10574584873}.Release|Any CPU.ActiveCfg = Release|Any CPU
		{51D1F4AF-716F-4E1B-B56C-E10574584873}.Release|Any CPU.Build.0 = Release|Any CPU
		{2D21253D-3FFB-4E73-98CF-5194E571B3D2}.Debug|Any CPU.ActiveCfg = Debug|Any CPU
		{2D21253D-3FFB-4E73-98CF-5194E571B3D2}.Debug|Any CPU.Build.0 = Debug|Any CPU
		{2D21253D-3FFB-4E73-98CF-5194E571B3D2}.Release|Any CPU.ActiveCfg = Release|Any CPU
		{2D21253D-3FFB-4E73-98CF-5194E571B3D2}.Release|Any CPU.Build.0 = Release|Any CPU
		{A159CCFA-8AE1-40C0-AE2C-CC74F751E0C6}.Debug|Any CPU.ActiveCfg = Debug|Any CPU
		{A159CCFA-8AE1-40C0-AE2C-CC74F751E0C6}.Debug|Any CPU.Build.0 = Debug|Any CPU
		{A159CCFA-8AE1-40C0-AE2C-CC74F751E0C6}.Release|Any CPU.ActiveCfg = Release|Any CPU
		{A159CCFA-8AE1-40C0-AE2C-CC74F751E0C6}.Release|Any CPU.Build.0 = Release|Any CPU
	EndGlobalSection
	GlobalSection(SolutionProperties) = preSolution
		HideSolutionNode = FALSE
	EndGlobalSection
	GlobalSection(NestedProjects) = preSolution
		{5B818740-CD84-4033-86AF-5AB75FC793ED} = {397890E7-BDAC-4CD3-B34A-EBB6D9632E19}
		{4E5E89CC-48F4-43CF-990A-2BBA2F80BB1E} = {5B818740-CD84-4033-86AF-5AB75FC793ED}
		{9728C5C0-09F5-4003-B416-3329E38E84D0} = {1CE18178-0ECA-41A3-81C1-3AC5A5A7C353}
		{6582FAA2-012A-4847-BE67-418427832D0A} = {BF2DD239-7D52-47ED-A304-98353D16A957}
		{9C0ED0F4-9FDA-45C6-A817-F656D15EFCAD} = {397890E7-BDAC-4CD3-B34A-EBB6D9632E19}
		{75677B43-23D5-4032-8337-1B079C74D2C3} = {9C0ED0F4-9FDA-45C6-A817-F656D15EFCAD}
		{53AC8FF7-58ED-435F-94EF-CA40F5A4BB29} = {397890E7-BDAC-4CD3-B34A-EBB6D9632E19}
		{D12577F2-41B6-4B86-A3AE-25A657B76F35} = {53AC8FF7-58ED-435F-94EF-CA40F5A4BB29}
		{9B507495-0EE8-4B2A-8E95-E8271678B3C7} = {397890E7-BDAC-4CD3-B34A-EBB6D9632E19}
		{46647576-D165-4529-A2D6-D1888B05CBA6} = {9B507495-0EE8-4B2A-8E95-E8271678B3C7}
		{5C62091A-1A6A-4DA0-97C7-F40111E23414} = {397890E7-BDAC-4CD3-B34A-EBB6D9632E19}
		{1B315632-9573-43D2-B4AD-0C3941D634DB} = {5C62091A-1A6A-4DA0-97C7-F40111E23414}
		{EFA4B1B7-59C3-4DAF-9136-B3EB449F1174} = {5C62091A-1A6A-4DA0-97C7-F40111E23414}
		{9474D1CF-1A73-4FD0-914B-6454E20C82E5} = {5C62091A-1A6A-4DA0-97C7-F40111E23414}
		{58AAC43A-6C8E-43B9-A93A-AF71C6DF956D} = {5C62091A-1A6A-4DA0-97C7-F40111E23414}
		{3FBD6ADC-6456-41FE-A040-BAABBC6A94D0} = {5C62091A-1A6A-4DA0-97C7-F40111E23414}
		{D465839B-40ED-4B75-B2DA-6D7EEB781EF5} = {397890E7-BDAC-4CD3-B34A-EBB6D9632E19}
		{23170F65-ED23-4C9A-87F0-456F399710C8} = {D465839B-40ED-4B75-B2DA-6D7EEB781EF5}
		{51D1F4AF-716F-4E1B-B56C-E10574584873} = {18A30E36-9789-495B-BF7C-7391302ECEAD}
		{2D21253D-3FFB-4E73-98CF-5194E571B3D2} = {E73F81C5-9E41-497F-8C9A-78C7058B8BB0}
	EndGlobalSection
	GlobalSection(ExtensibilityGlobals) = postSolution
		SolutionGuid = {4E36DE1A-E68E-4867-89B3-14FBC60CAD88}
	EndGlobalSection
EndGlobal
